# THIS IS AN AUTOGENERATED FILE. DO NOT EDIT THIS FILE DIRECTLY.
# yarn lockfile v1


"@graphiql/toolkit@^0.2.0":
  version "0.2.0"
  resolved "https://registry.yarnpkg.com/@graphiql/toolkit/-/toolkit-0.2.0.tgz#186e9042f90650bd7a972be5bb73a38d1595773d"
  integrity sha512-T8fdGSh1bYqpQUurIBnNbXHMOFqV/btTdlcAw3+snItA619GgZfc471lYIT95/cywxbH2Ync/gqGgeSTeZhlTg==
  dependencies:
    "@n1ru4l/push-pull-async-iterable-iterator" "^2.0.1"
    graphql-ws "^4.3.2"
    meros "^1.1.4"
  optionalDependencies:
    subscriptions-transport-ws "^0.9.18"

"@n1ru4l/push-pull-async-iterable-iterator@^2.0.1":
  version "2.1.2"
  resolved "https://registry.yarnpkg.com/@n1ru4l/push-pull-async-iterable-iterator/-/push-pull-async-iterable-iterator-2.1.2.tgz#e486bf86c4c29e78601694a26f31c2dec0c08d9b"
  integrity sha512-KwZGeX2XK7Xj9ksWwei5923QnqIGoEuLlh3O46OW9vc8hQxjzmMTKCgJMVZ5ne5xaWFQYDT2dMpbUhq6hEOhxA==

argparse@^1.0.7:
  version "1.0.10"
  resolved "https://registry.yarnpkg.com/argparse/-/argparse-1.0.10.tgz#bcd6791ea5ae09725e17e5ad988134cd40b3d911"
  integrity sha512-o5Roy6tNG4SL/FOkCAN6RzjiakZS25RLYFrcMttJqbdd8BWrnA+fGz57iN5Pb06pvBGvl5gQ0B48dJlslXvoTg==
  dependencies:
    sprintf-js "~1.0.2"

async-limiter@~1.0.0:
  version "1.0.1"
  resolved "https://registry.yarnpkg.com/async-limiter/-/async-limiter-1.0.1.tgz#dd379e94f0db8310b08291f9d64c3209766617fd"
  integrity sha512-csOlWGAcRFJaI6m+F2WKdnMKr4HhdhFVBk0H/QbJFMCr+uO2kwohwXQPxw/9OCxp05r5ghVBFSyioixx3gfkNQ==

backo2@^1.0.2:
  version "1.0.2"
  resolved "https://registry.yarnpkg.com/backo2/-/backo2-1.0.2.tgz#31ab1ac8b129363463e35b3ebb69f4dfcfba7947"
  integrity sha1-MasayLEpNjRj41s+u2n038+6eUc=

codemirror-graphql@^1.0.0:
  version "1.0.1"
  resolved "https://registry.yarnpkg.com/codemirror-graphql/-/codemirror-graphql-1.0.1.tgz#858fd43b0c5d48fd2f6e90a0efe72ee95033b139"
  integrity sha512-5ttMpv2kMn99Rmf2aZ5P6/hMd3y11cN8LP/x5MUeF0ipcalZA/GE/OxxXkhV0YJE/uW5QIcPyZDkvtSsGZa23A==
  dependencies:
    graphql-language-service-interface "^2.8.2"
    graphql-language-service-parser "^1.9.0"

codemirror@^5.54.0:
  version "5.60.0"
  resolved "https://registry.yarnpkg.com/codemirror/-/codemirror-5.60.0.tgz#00a8cfd287d5d8737ceb73987f04aee2fe5860da"
  integrity sha512-AEL7LhFOlxPlCL8IdTcJDblJm8yrAGib7I+DErJPdZd4l6imx8IMgKK3RblVgBQqz3TZJR4oknQ03bz+uNjBYA==

copy-to-clipboard@^3.2.0:
  version "3.3.1"
  resolved "https://registry.yarnpkg.com/copy-to-clipboard/-/copy-to-clipboard-3.3.1.tgz#115aa1a9998ffab6196f93076ad6da3b913662ae"
  integrity sha512-i13qo6kIHTTpCm8/Wup+0b1mVWETvu2kIMzKoK8FpkLkFxlt0znUAHcMzox+T8sPlqtZXq3CulEjQHsYiGFJUw==
  dependencies:
    toggle-selection "^1.0.6"

dset@^3.1.0:
  version "3.1.0"
  resolved "https://registry.yarnpkg.com/dset/-/dset-3.1.0.tgz#23feb6df93816ea452566308b1374d6e869b0d7b"
  integrity sha512-7xTQ5DzyE59Nn+7ZgXDXjKAGSGmXZHqttMVVz1r4QNfmGpyj+cm2YtI3II0c/+4zS4a9yq2mBhgdeq2QnpcYlw==

entities@^2.0.0:
  version "2.2.0"
  resolved "https://registry.yarnpkg.com/entities/-/entities-2.2.0.tgz#098dc90ebb83d8dffa089d55256b351d34c4da55"
  integrity sha512-p92if5Nz619I0w+akJrLZH0MX0Pb5DX39XOwQTtXSdQQOaYH03S1uIQp4mhOZtAXrxq4ViO67YTiLBo2638o9A==

entities@~2.0.0:
  version "2.0.3"
  resolved "https://registry.yarnpkg.com/entities/-/entities-2.0.3.tgz#5c487e5742ab93c15abb5da22759b8590ec03b7f"
  integrity sha512-MyoZ0jgnLvB2X3Lg5HqpFmn1kybDiIfEQmKzTb5apr51Rb+T3KdmMiqa70T+bhGnyv7bQ6WMj2QMHpGMmlrUYQ==

eventemitter3@^3.1.0:
  version "3.1.2"
  resolved "https://registry.yarnpkg.com/eventemitter3/-/eventemitter3-3.1.2.tgz#2d3d48f9c346698fce83a85d7d664e98535df6e7"
  integrity sha512-tvtQIeLVHjDkJYnzf2dgVMxfuSGJeM/7UCG17TT4EumTfNtF+0nebF/4zWOIkCreAbtNqhGEboB6BWrwqNaw4Q==

graphiql@^1.4.1:
  version "1.4.1"
  resolved "https://registry.yarnpkg.com/graphiql/-/graphiql-1.4.1.tgz#8df7a60a487aef32b71274ad1bb93118ac9f2213"
  integrity sha512-C7S36lTgCw2/C/Dt90eJSI9VdxQfohrUoDV1dt/WecS7dm5HcaQUIYFqvLQMZG1cSRJttRKwNwP1rYfs73v8SQ==
  dependencies:
    "@graphiql/toolkit" "^0.2.0"
    codemirror "^5.54.0"
    codemirror-graphql "^1.0.0"
    copy-to-clipboard "^3.2.0"
    dset "^3.1.0"
    entities "^2.0.0"
    graphql-language-service "^3.1.2"
    markdown-it "^10.0.0"

graphql-language-service-interface@^2.8.2:
  version "2.8.3"
  resolved "https://registry.yarnpkg.com/graphql-language-service-interface/-/graphql-language-service-interface-2.8.3.tgz#bb579742cd021ee5b63207a20b1974b7e01d855d"
  integrity sha512-Gh4Q3dlCT1MrZGO0eaz7v31gkp8fh+ig94YH/A+1Th2q+k3RsRqfSJm5tKZ8TJ4rSADZ/dj+hzOpWCGzLyCiHQ==
  dependencies:
    graphql-language-service-parser "^1.9.0"
    graphql-language-service-types "^1.8.0"
    graphql-language-service-utils "^2.5.1"
    vscode-languageserver-types "^3.15.1"

graphql-language-service-parser@^1.9.0:
  version "1.9.1"
  resolved "https://registry.yarnpkg.com/graphql-language-service-parser/-/graphql-language-service-parser-1.9.1.tgz#e982d697d70b6eae8cc798b449f7cb61ea5caf34"
  integrity sha512-GySsDrYxzxu6r1vF282xXDR2KlfVL5aOW7pgc75fF3UFiuqGm/SeoIljNM0mLpRl5KSxo1HNOxhkWoFBoy/h2w==
  dependencies:
    graphql-language-service-types "^1.8.0"

graphql-language-service-types@^1.8.0:
  version "1.8.1"
  resolved "https://registry.yarnpkg.com/graphql-language-service-types/-/graphql-language-service-types-1.8.1.tgz#963810010924f2b5eaea415d5b8eb0b7d42c479b"
  integrity sha512-IpYS0mEHEmRsFlq+loWCpSYYYizAID7Alri6GoFN1QqUdux+8rp1Tkp2NGsGDpDmm3Dbz5ojmJWzNWQGpuwveA==

graphql-language-service-utils@^2.5.1:
  version "2.5.2"
  resolved "https://registry.yarnpkg.com/graphql-language-service-utils/-/graphql-language-service-utils-2.5.2.tgz#f2c0ccd407515a741e3a12f777328497d9e8012b"
  integrity sha512-hXGd4ARhyD7WTmTwuYmCYo6BcY8FtTp+1JHLaUG0Q63k0NpZTuFuRZ+N7TSP9mcRb7labeozs3DYgaqStsDe1A==
  dependencies:
    graphql-language-service-types "^1.8.0"
    nullthrows "^1.0.0"

graphql-language-service@^3.1.2:
  version "3.1.3"
  resolved "https://registry.yarnpkg.com/graphql-language-service/-/graphql-language-service-3.1.3.tgz#8374d750895c76957f4168d96bf99cf6443d84ae"
  integrity sha512-MTJT8QOpsJbG68wbkrmitlctvaajrQkJEN24AW+KzNxHWFEHnnqil6fFbVccHkRbG3Bk7D0f57fjtffSh37aEw==
  dependencies:
    graphql-language-service-interface "^2.8.2"
    graphql-language-service-types "^1.8.0"

graphql-ws@^4.3.2:
  version "4.3.4"
  resolved "https://registry.yarnpkg.com/graphql-ws/-/graphql-ws-4.3.4.tgz#7564fe4f913c5c8cb722d368b31de3c398377797"
  integrity sha512-c2lbOT71uQrVBYyR6gUo78QfecUyu0XBHx7vc0RgS2gp3CO2n9wYxJEjHEc1fsbFr/By9A/5L9GtHl4iFnzcZg==

graphql@^15.5.0:
  version "15.5.0"
  resolved "https://registry.yarnpkg.com/graphql/-/graphql-15.5.0.tgz#39d19494dbe69d1ea719915b578bf920344a69d5"
  integrity sha512-OmaM7y0kaK31NKG31q4YbD2beNYa6jBBKtMFT6gLYJljHLJr42IqJ8KX08u3Li/0ifzTU5HjmoOOrwa5BRLeDA==

iterall@^1.2.1:
  version "1.3.0"
  resolved "https://registry.yarnpkg.com/iterall/-/iterall-1.3.0.tgz#afcb08492e2915cbd8a0884eb93a8c94d0d72fea"
  integrity sha512-QZ9qOMdF+QLHxy1QIpUHUU1D5pS2CG2P69LF6L6CPjPYA/XMOmKV3PZpawHoAjHNyB0swdVTRxdYT4tbBbxqwg==

linkify-it@^2.0.0:
  version "2.2.0"
  resolved "https://registry.yarnpkg.com/linkify-it/-/linkify-it-2.2.0.tgz#e3b54697e78bf915c70a38acd78fd09e0058b1cf"
  integrity sha512-GnAl/knGn+i1U/wjBz3akz2stz+HrHLsxMwHQGofCDfPvlf+gDKN58UtfmUquTY4/MXeE2x7k19KQmeoZi94Iw==
  dependencies:
    uc.micro "^1.0.1"

markdown-it@^10.0.0:
  version "10.0.0"
  resolved "https://registry.yarnpkg.com/markdown-it/-/markdown-it-10.0.0.tgz#abfc64f141b1722d663402044e43927f1f50a8dc"
  integrity sha512-YWOP1j7UbDNz+TumYP1kpwnP0aEa711cJjrAQrzd0UXlbJfc5aAq0F/PZHjiioqDC1NKgvIMX+o+9Bk7yuM2dg==
  dependencies:
    argparse "^1.0.7"
    entities "~2.0.0"
    linkify-it "^2.0.0"
    mdurl "^1.0.1"
    uc.micro "^1.0.5"

mdurl@^1.0.1:
  version "1.0.1"
  resolved "https://registry.yarnpkg.com/mdurl/-/mdurl-1.0.1.tgz#fe85b2ec75a59037f2adfec100fd6c601761152e"
  integrity sha1-/oWy7HWlkDfyrf7BAP1sYBdhFS4=

meros@^1.1.4:
  version "1.1.4"
  resolved "https://registry.yarnpkg.com/meros/-/meros-1.1.4.tgz#c17994d3133db8b23807f62bec7f0cb276cfd948"
  integrity sha512-E9ZXfK9iQfG9s73ars9qvvvbSIkJZF5yOo9j4tcwM5tN8mUKfj/EKN5PzOr3ZH0y5wL7dLAHw3RVEfpQV9Q7VQ==

nullthrows@^1.0.0:
  version "1.1.1"
  resolved "https://registry.yarnpkg.com/nullthrows/-/nullthrows-1.1.1.tgz#7818258843856ae971eae4208ad7d7eb19a431b1"
  integrity sha512-2vPPEi+Z7WqML2jZYddDIfy5Dqb0r2fze2zTxNNknZaFpVHU3mFB3R+DWeJWGVx0ecvttSGlJTI+WG+8Z4cDWw==

sprintf-js@~1.0.2:
  version "1.0.3"
  resolved "https://registry.yarnpkg.com/sprintf-js/-/sprintf-js-1.0.3.tgz#04e6926f662895354f3dd015203633b857297e2c"
  integrity sha1-BOaSb2YolTVPPdAVIDYzuFcpfiw=

subscriptions-transport-ws@^0.9.18:
  version "0.9.18"
  resolved "https://registry.yarnpkg.com/subscriptions-transport-ws/-/subscriptions-transport-ws-0.9.18.tgz#bcf02320c911fbadb054f7f928e51c6041a37b97"
  integrity sha512-tztzcBTNoEbuErsVQpTN2xUNN/efAZXyCyL5m3x4t6SKrEiTL2N8SaKWBFWM4u56pL79ULif3zjyeq+oV+nOaA==
  dependencies:
    backo2 "^1.0.2"
    eventemitter3 "^3.1.0"
    iterall "^1.2.1"
    symbol-observable "^1.0.4"
    ws "^5.2.0"

symbol-observable@^1.0.4:
  version "1.2.0"
  resolved "https://registry.yarnpkg.com/symbol-observable/-/symbol-observable-1.2.0.tgz#c22688aed4eab3cdc2dfeacbb561660560a00804"
  integrity sha512-e900nM8RRtGhlV36KGEU9k65K3mPb1WV70OdjfxlG2EAuM1noi/E/BaW/uMhL7bPEssK8QV57vN3esixjUvcXQ==

toggle-selection@^1.0.6:
  version "1.0.6"
  resolved "https://registry.yarnpkg.com/toggle-selection/-/toggle-selection-1.0.6.tgz#6e45b1263f2017fa0acc7d89d78b15b8bf77da32"
  integrity sha1-bkWxJj8gF/oKzH2J14sVuL932jI=

uc.micro@^1.0.1, uc.micro@^1.0.5:
  version "1.0.6"
  resolved "https://registry.yarnpkg.com/uc.micro/-/uc.micro-1.0.6.tgz#9c411a802a409a91fc6cf74081baba34b24499ac"
  integrity sha512-8Y75pvTYkLJW2hWQHXxoqRgV7qb9B+9vFEtidML+7koHUFapnVJAZ6cKs+Qjz5Aw3aZWHMC6u0wJE3At+nSGwA==

vscode-languageserver-types@^3.15.1:
  version "3.16.0"
  resolved "https://registry.yarnpkg.com/vscode-languageserver-types/-/vscode-languageserver-types-3.16.0.tgz#ecf393fc121ec6974b2da3efb3155644c514e247"
  integrity sha512-k8luDIWJWyenLc5ToFQQMaSrqCHiLwyKPHKPQZ5zz21vM+vIVUSvsRpcbiECH4WR88K2XZqc4ScRcZ7nk/jbeA==

ws@^5.2.0:
  version "5.2.2"
  resolved "https://registry.yarnpkg.com/ws/-/ws-5.2.2.tgz#dffef14866b8e8dc9133582514d1befaf96e980f"
  integrity sha512-jaHFD6PFv6UgoIVda6qZllptQsMlDEJkTQcybzzXDYM1XO9Y8em691FGMPmM46WGyLU4z9KMgQN+qrux/nhlHA==
  dependencies:
    async-limiter "~1.0.0"
